
Microsoft Visual Studio Solution File, Format Version 12.00
# Visual Studio 15
Project("{FAE04EC0-301F-11D3-BF4B-00C04F79EFBC}") = "FishNet.Runtime", "FishNet.Runtime.csproj", "{36DAA440-B8E9-FB20-B438-3A9C79E6E882}"
EndProject
Project("{FAE04EC0-301F-11D3-BF4B-00C04F79EFBC}") = "FishNet.Example", "FishNet.Example.csproj", "{E075B9BE-DB3D-61CB-91B0-7FCD165456C8}"
EndProject
Project("{FAE04EC0-301F-11D3-BF4B-00C04F79EFBC}") = "Assembly-CSharp", "Assembly-CSharp.csproj", "{184F759E-B354-66D7-AAF5-3CD0D0E53AB2}"
EndProject
Project("{FAE04EC0-301F-11D3-BF4B-00C04F79EFBC}") = "FishNet.Demos", "FishNet.Demos.csproj", "{262E2EFB-5A22-AB1D-DB92-332907ACBA66}"
EndProject
Project("{FAE04EC0-301F-11D3-BF4B-00C04F79EFBC}") = "Assembly-CSharp-Editor", "Assembly-CSharp-Editor.csproj", "{16A988AA-E99E-1008-FE2B-902A9415297B}"
EndProject
Project("{FAE04EC0-301F-11D3-BF4B-00C04F79EFBC}") = "FishNet.Codegen.Cecil", "FishNet.Codegen.Cecil.csproj", "{3B81380C-4FBE-F519-8F11-B5FF686F77BF}"
EndProject
Project("{FAE04EC0-301F-11D3-BF4B-00C04F79EFBC}") = "Unity.FishNet.Codegen", "Unity.FishNet.Codegen.csproj", "{309A9D46-CA65-DFE2-47F0-812C5FBE6AC3}"
EndProject
Global
	GlobalSection(SolutionConfigurationPlatforms) = preSolution
		Debug|Any CPU = Debug|Any CPU
		Release|Any CPU = Release|Any CPU
	EndGlobalSection
	GlobalSection(ProjectConfigurationPlatforms) = postSolution
		{36DAA440-B8E9-FB20-B438-3A9C79E6E882}.Debug|Any CPU.ActiveCfg = Debug|Any CPU
		{36DAA440-B8E9-FB20-B438-3A9C79E6E882}.Debug|Any CPU.Build.0 = Debug|Any CPU
		{36DAA440-B8E9-FB20-B438-3A9C79E6E882}.Release|Any CPU.ActiveCfg = Release|Any CPU
		{36DAA440-B8E9-FB20-B438-3A9C79E6E882}.Release|Any CPU.Build.0 = Release|Any CPU
		{E075B9BE-DB3D-61CB-91B0-7FCD165456C8}.Debug|Any CPU.ActiveCfg = Debug|Any CPU
		{E075B9BE-DB3D-61CB-91B0-7FCD165456C8}.Debug|Any CPU.Build.0 = Debug|Any CPU
		{E075B9BE-DB3D-61CB-91B0-7FCD165456C8}.Release|Any CPU.ActiveCfg = Release|Any CPU
		{E075B9BE-DB3D-61CB-91B0-7FCD165456C8}.Release|Any CPU.Build.0 = Release|Any CPU
		{184F759E-B354-66D7-AAF5-3CD0D0E53AB2}.Debug|Any CPU.ActiveCfg = Debug|Any CPU
		{184F759E-B354-66D7-AAF5-3CD0D0E53AB2}.Debug|Any CPU.Build.0 = Debug|Any CPU
		{184F759E-B354-66D7-AAF5-3CD0D0E53AB2}.Release|Any CPU.ActiveCfg = Release|Any CPU
		{184F759E-B354-66D7-AAF5-3CD0D0E53AB2}.Release|Any CPU.Build.0 = Release|Any CPU
		{262E2EFB-5A22-AB1D-DB92-332907ACBA66}.Debug|Any CPU.ActiveCfg = Debug|Any CPU
		{262E2EFB-5A22-AB1D-DB92-332907ACBA66}.Debug|Any CPU.Build.0 = Debug|Any CPU
		{262E2EFB-5A22-AB1D-DB92-332907ACBA66}.Release|Any CPU.ActiveCfg = Release|Any CPU
		{262E2EFB-5A22-AB1D-DB92-332907ACBA66}.Release|Any CPU.Build.0 = Release|Any CPU
		{16A988AA-E99E-1008-FE2B-902A9415297B}.Debug|Any CPU.ActiveCfg = Debug|Any CPU
		{16A988AA-E99E-1008-FE2B-902A9415297B}.Debug|Any CPU.Build.0 = Debug|Any CPU
		{16A988AA-E99E-1008-FE2B-902A9415297B}.Release|Any CPU.ActiveCfg = Release|Any CPU
		{16A988AA-E99E-1008-FE2B-902A9415297B}.Release|Any CPU.Build.0 = Release|Any CPU
		{3B81380C-4FBE-F519-8F11-B5FF686F77BF}.Debug|Any CPU.ActiveCfg = Debug|Any CPU
		{3B81380C-4FBE-F519-8F11-B5FF686F77BF}.Debug|Any CPU.Build.0 = Debug|Any CPU
		{3B81380C-4FBE-F519-8F11-B5FF686F77BF}.Release|Any CPU.ActiveCfg = Release|Any CPU
		{3B81380C-4FBE-F519-8F11-B5FF686F77BF}.Release|Any CPU.Build.0 = Release|Any CPU
		{309A9D46-CA65-DFE2-47F0-812C5FBE6AC3}.Debug|Any CPU.ActiveCfg = Debug|Any CPU
		{309A9D46-CA65-DFE2-47F0-812C5FBE6AC3}.Debug|Any CPU.Build.0 = Debug|Any CPU
		{309A9D46-CA65-DFE2-47F0-812C5FBE6AC3}.Release|Any CPU.ActiveCfg = Release|Any CPU
		{309A9D46-CA65-DFE2-47F0-812C5FBE6AC3}.Release|Any CPU.Build.0 = Release|Any CPU
	EndGlobalSection
	GlobalSection(SolutionProperties) = preSolution
		HideSolutionNode = FALSE
	EndGlobalSection
EndGlobal
